// !$*UTF8*$!
{
	archiveVersion = 1;
	classes = {
	};
	objectVersion = 46;
	objects = {

/* Begin PBXBuildFile section */
		4B7E5C7E2034CDFA00E6919C /* AppDelegate.swift in Sources */ = {isa = PBXBuildFile; fileRef = 4B7E5C7D2034CDFA00E6919C /* AppDelegate.swift */; };
		4B7E5C802034CDFA00E6919C /* ViewController.swift in Sources */ = {isa = PBXBuildFile; fileRef = 4B7E5C7F2034CDFA00E6919C /* ViewController.swift */; };
		4B7E5C832034CDFA00E6919C /* Main.storyboard in Resources */ = {isa = PBXBuildFile; fileRef = 4B7E5C812034CDFA00E6919C /* Main.storyboard */; };
		4B7E5C852034CDFA00E6919C /* Assets.xcassets in Resources */ = {isa = PBXBuildFile; fileRef = 4B7E5C842034CDFA00E6919C /* Assets.xcassets */; };
		4B7E5C882034CDFA00E6919C /* LaunchScreen.storyboard in Resources */ = {isa = PBXBuildFile; fileRef = 4B7E5C862034CDFA00E6919C /* LaunchScreen.storyboard */; };
		4B7E5C932034CDFA00E6919C /* ButtonFunTests.swift in Sources */ = {isa = PBXBuildFile; fileRef = 4B7E5C922034CDFA00E6919C /* ButtonFunTests.swift */; };
		4B7E5C9E2034CDFA00E6919C /* ButtonFunUITests.swift in Sources */ = {isa = PBXBuildFile; fileRef = 4B7E5C9D2034CDFA00E6919C /* ButtonFunUITests.swift */; };
/* End PBXBuildFile section */

/* Begin PBXContainerItemProxy section */
		4B7E5C8F2034CDFA00E6919C /* PBXContainerItemProxy */ = {
			isa = PBXContainerItemProxy;
			containerPortal = 4B7E5C722034CDFA00E6919C /* Project object */;
			proxyType = 1;
			remoteGlobalIDString = 4B7E5C792034CDFA00E6919C;
			remoteInfo = ButtonFun;
		};
		4B7E5C9A2034CDFA00E6919C /* PBXContainerItemProxy */ = {
			isa = PBXContainerItemProxy;
			containerPortal = 4B7E5C722034CDFA00E6919C /* Project object */;
			proxyType = 1;
			remoteGlobalIDString = 4B7E5C792034CDFA00E6919C;
			remoteInfo = ButtonFun;
		};
/* End PBXContainerItemProxy section */

/* Begin PBXFileReference section */
		4B7E5C7A2034CDFA00E6919C /* ButtonFun.app */ = {isa = PBXFileReference; explicitFileType = wrapper.application; includeInIndex = 0; path = ButtonFun.app; sourceTree = BUILT_PRODUCTS_DIR; };
		4B7E5C7D2034CDFA00E6919C /* AppDelegate.swift */ = {isa = PBXFileReference; lastKnownFileType = sourcecode.swift; path = AppDelegate.swift; sourceTree = "<group>"; };
		4B7E5C7F2034CDFA00E6919C /* ViewController.swift */ = {isa = PBXFileReference; lastKnownFileType = sourcecode.swift; path = ViewController.swift; sourceTree = "<group>"; };
		4B7E5C822034CDFA00E6919C /* Base */ = {isa = PBXFileReference; lastKnownFileType = file.storyboard; name = Base; path = Base.lproj/Main.storyboard; sourceTree = "<group>"; };
		4B7E5C842034CDFA00E6919C /* Assets.xcassets */ = {isa = PBXFileReference; lastKnownFileType = folder.assetcatalog; path = Assets.xcassets; sourceTree = "<group>"; };
		4B7E5C872034CDFA00E6919C /* Base */ = {isa = PBXFileReference; lastKnownFileType = file.storyboard; name = Base; path = Base.lproj/LaunchScreen.storyboard; sourceTree = "<group>"; };
		4B7E5C892034CDFA00E6919C /* Info.plist */ = {isa = PBXFileReference; lastKnownFileType = text.plist.xml; path = Info.plist; sourceTree = "<group>"; };
		4B7E5C8E2034CDFA00E6919C /* ButtonFunTests.xctest */ = {isa = PBXFileReference; explicitFileType = wrapper.cfbundle; includeInIndex = 0; path = ButtonFunTests.xctest; sourceTree = BUILT_PRODUCTS_DIR; };
		4B7E5C922034CDFA00E6919C /* ButtonFunTests.swift */ = {isa = PBXFileReference; lastKnownFileType = sourcecode.swift; path = ButtonFunTests.swift; sourceTree = "<group>"; };
		4B7E5C942034CDFA00E6919C /* Info.plist */ = {isa = PBXFileReference; lastKnownFileType = text.plist.xml; path = Info.plist; sourceTree = "<group>"; };
		4B7E5C992034CDFA00E6919C /* ButtonFunUITests.xctest */ = {isa = PBXFileReference; explicitFileType = wrapper.cfbundle; includeInIndex = 0; path = ButtonFunUITests.xctest; sourceTree = BUILT_PRODUCTS_DIR; };
		4B7E5C9D2034CDFA00E6919C /* ButtonFunUITests.swift */ = {isa = PBXFileReference; lastKnownFileType = sourcecode.swift; path = ButtonFunUITests.swift; sourceTree = "<group>"; };
		4B7E5C9F2034CDFA00E6919C /* Info.plist */ = {isa = PBXFileReference; lastKnownFileType = text.plist.xml; path = Info.plist; sourceTree = "<group>"; };
/* End PBXFileReference section */

/* Begin PBXFrameworksBuildPhase section */
		4B7E5C772034CDFA00E6919C /* Frameworks */ = {
			isa = PBXFrameworksBuildPhase;
			buildActionMask = 2147483647;
			files = (
			);
			runOnlyForDeploymentPostprocessing = 0;
		};
		4B7E5C8B2034CDFA00E6919C /* Frameworks */ = {
			isa = PBXFrameworksBuildPhase;
			buildActionMask = 2147483647;
			files = (
			);
			runOnlyForDeploymentPostprocessing = 0;
		};
		4B7E5C962034CDFA00E6919C /* Frameworks */ = {
			isa = PBXFrameworksBuildPhase;
			buildActionMask = 2147483647;
			files = (
			);
			runOnlyForDeploymentPostprocessing = 0;
		};
/* End PBXFrameworksBuildPhase section */

/* Begin PBXGroup section */
		4B7E5C712034CDFA00E6919C = {
			isa = PBXGroup;
			children = (
				4B7E5C7C2034CDFA00E6919C /* ButtonFun */,
				4B7E5C912034CDFA00E6919C /* ButtonFunTests */,
				4B7E5C9C2034CDFA00E6919C /* ButtonFunUITests */,
				4B7E5C7B2034CDFA00E6919C /* Products */,
			);
			sourceTree = "<group>";
		};
		4B7E5C7B2034CDFA00E6919C /* Products */ = {
			isa = PBXGroup;
			children = (
				4B7E5C7A2034CDFA00E6919C /* ButtonFun.app */,
				4B7E5C8E2034CDFA00E6919C /* ButtonFunTests.xctest */,
				4B7E5C992034CDFA00E6919C /* ButtonFunUITests.xctest */,
			);
			name = Products;
			sourceTree = "<group>";
		};
		4B7E5C7C2034CDFA00E6919C /* ButtonFun */ = {
			isa = PBXGroup;
			children = (
				4B7E5C7D2034CDFA00E6919C /* AppDelegate.swift */,
				4B7E5C7F2034CDFA00E6919C /* ViewController.swift */,
				4B7E5C812034CDFA00E6919C /* Main.storyboard */,
				4B7E5C842034CDFA00E6919C /* Assets.xcassets */,
				4B7E5C862034CDFA00E6919C /* LaunchScreen.storyboard */,
				4B7E5C892034CDFA00E6919C /* Info.plist */,
			);
			path = ButtonFun;
			sourceTree = "<group>";
		};
		4B7E5C912034CDFA00E6919C /* ButtonFunTests */ = {
			isa = PBXGroup;
			children = (
				4B7E5C922034CDFA00E6919C /* ButtonFunTests.swift */,
				4B7E5C942034CDFA00E6919C /* Info.plist */,
			);
			path = ButtonFunTests;
			sourceTree = "<group>";
		};
		4B7E5C9C2034CDFA00E6919C /* ButtonFunUITests */ = {
			isa = PBXGroup;
			children = (
				4B7E5C9D2034CDFA00E6919C /* ButtonFunUITests.swift */,
				4B7E5C9F2034CDFA00E6919C /* Info.plist */,
			);
			path = ButtonFunUITests;
			sourceTree = "<group>";
		};
/* End PBXGroup section */

/* Begin PBXNativeTarget section */
		4B7E5C792034CDFA00E6919C /* ButtonFun */ = {
			isa = PBXNativeTarget;
			buildConfigurationList = 4B7E5CA22034CDFA00E6919C /* Build configuration list for PBXNativeTarget "ButtonFun" */;
			buildPhases = (
				4B7E5C762034CDFA00E6919C /* Sources */,
				4B7E5C772034CDFA00E6919C /* Frameworks */,
				4B7E5C782034CDFA00E6919C /* Resources */,
			);
			buildRules = (
			);
			dependencies = (
			);
			name = ButtonFun;
			productName = ButtonFun;
			productReference = 4B7E5C7A2034CDFA00E6919C /* ButtonFun.app */;
			productType = "com.apple.product-type.application";
		};
		4B7E5C8D2034CDFA00E6919C /* ButtonFunTests */ = {
			isa = PBXNativeTarget;
			buildConfigurationList = 4B7E5CA52034CDFA00E6919C /* Build configuration list for PBXNativeTarget "ButtonFunTests" */;
			buildPhases = (
				4B7E5C8A2034CDFA00E6919C /* Sources */,
				4B7E5C8B2034CDFA00E6919C /* Frameworks */,
				4B7E5C8C2034CDFA00E6919C /* Resources */,
			);
			buildRules = (
			);
			dependencies = (
				4B7E5C902034CDFA00E6919C /* PBXTargetDependency */,
			);
			name = ButtonFunTests;
			productName = ButtonFunTests;
			productReference = 4B7E5C8E2034CDFA00E6919C /* ButtonFunTests.xctest */;
			productType = "com.apple.product-type.bundle.unit-test";
		};
		4B7E5C982034CDFA00E6919C /* ButtonFunUITests */ = {
			isa = PBXNativeTarget;
			buildConfigurationList = 4B7E5CA82034CDFA00E6919C /* Build configuration list for PBXNativeTarget "ButtonFunUITests" */;
			buildPhases = (
				4B7E5C952034CDFA00E6919C /* Sources */,
				4B7E5C962034CDFA00E6919C /* Frameworks */,
				4B7E5C972034CDFA00E6919C /* Resources */,
			);
			buildRules = (
			);
			dependencies = (
				4B7E5C9B2034CDFA00E6919C /* PBXTargetDependency */,
			);
			name = ButtonFunUITests;
			productName = ButtonFunUITests;
			productReference = 4B7E5C992034CDFA00E6919C /* ButtonFunUITests.xctest */;
			productType = "com.apple.product-type.bundle.ui-testing";
		};
/* End PBXNativeTarget section */

/* Begin PBXProject section */
		4B7E5C722034CDFA00E6919C /* Project object */ = {
			isa = PBXProject;
			attributes = {
				LastSwiftUpdateCheck = 0830;
				LastUpgradeCheck = 0830;
				ORGANIZATIONNAME = "Javier Perez";
				TargetAttributes = {
					4B7E5C792034CDFA00E6919C = {
						CreatedOnToolsVersion = 8.3.3;
						ProvisioningStyle = Automatic;
					};
					4B7E5C8D2034CDFA00E6919C = {
						CreatedOnToolsVersion = 8.3.3;
						ProvisioningStyle = Automatic;
						TestTargetID = 4B7E5C792034CDFA00E6919C;
					};
					4B7E5C982034CDFA00E6919C = {
						CreatedOnToolsVersion = 8.3.3;
						ProvisioningStyle = Automatic;
						TestTargetID = 4B7E5C792034CDFA00E6919C;
					};
				};
			};
			buildConfigurationList = 4B7E5C752034CDFA00E6919C /* Build configuration list for PBXProject "ButtonFun" */;
			compatibilityVersion = "Xcode 3.2";
			developmentRegion = English;
			hasScannedForEncodings = 0;
			knownRegions = (
				en,
				Base,
			);
			mainGroup = 4B7E5C712034CDFA00E6919C;
			productRefGroup = 4B7E5C7B2034CDFA00E6919C /* Products */;
			projectDirPath = "";
			projectRoot = "";
			targets = (
				4B7E5C792034CDFA00E6919C /* ButtonFun */,
				4B7E5C8D2034CDFA00E6919C /* ButtonFunTests */,
				4B7E5C982034CDFA00E6919C /* ButtonFunUITests */,
			);
		};
/* End PBXProject section */

/* Begin PBXResourcesBuildPhase section */
		4B7E5C782034CDFA00E6919C /* Resources */ = {
			isa = PBXResourcesBuildPhase;
			buildActionMask = 2147483647;
			files = (
				4B7E5C882034CDFA00E6919C /* LaunchScreen.storyboard in Resources */,
				4B7E5C852034CDFA00E6919C /* Assets.xcassets in Resources */,
				4B7E5C832034CDFA00E6919C /* Main.storyboard in Resources */,
			);
			runOnlyForDeploymentPostprocessing = 0;
		};
		4B7E5C8C2034CDFA00E6919C /* Resources */ = {
			isa = PBXResourcesBuildPhase;
			buildActionMask = 2147483647;
			files = (
			);
			runOnlyForDeploymentPostprocessing = 0;
		};
		4B7E5C972034CDFA00E6919C /* Resources */ = {
			isa = PBXResourcesBuildPhase;
			buildActionMask = 2147483647;
			files = (
			);
			runOnlyForDeploymentPostprocessing = 0;
		};
/* End PBXResourcesBuildPhase section */

/* Begin PBXSourcesBuildPhase section */
		4B7E5C762034CDFA00E6919C /* Sources */ = {
			isa = PBXSourcesBuildPhase;
			buildActionMask = 2147483647;
			files = (
				4B7E5C802034CDFA00E6919C /* ViewController.swift in Sources */,
				4B7E5C7E2034CDFA00E6919C /* AppDelegate.swift in Sources */,
			);
			runOnlyForDeploymentPostprocessing = 0;
		};
		4B7E5C8A2034CDFA00E6919C /* Sources */ = {
			isa = PBXSourcesBuildPhase;
			buildActionMask = 2147483647;
			files = (
				4B7E5C932034CDFA00E6919C /* ButtonFunTests.swift in Sources */,
			);
			runOnlyForDeploymentPostprocessing = 0;
		};
		4B7E5C952034CDFA00E6919C /* Sources */ = {
			isa = PBXSourcesBuildPhase;
			buildActionMask = 2147483647;
			files = (
				4B7E5C9E2034CDFA00E6919C /* ButtonFunUITests.swift in Sources */,
			);
			runOnlyForDeploymentPostprocessing = 0;
		};
/* End PBXSourcesBuildPhase section */

/* Begin PBXTargetDependency section */
		4B7E5C902034CDFA00E6919C /* PBXTargetDependency */ = {
			isa = PBXTargetDependency;
			target = 4B7E5C792034CDFA00E6919C /* ButtonFun */;
			targetProxy = 4B7E5C8F2034CDFA00E6919C /* PBXContainerItemProxy */;
		};
		4B7E5C9B2034CDFA00E6919C /* PBXTargetDependency */ = {
			isa = PBXTargetDependency;
			target = 4B7E5C792034CDFA00E6919C /* ButtonFun */;
			targetProxy = 4B7E5C9A2034CDFA00E6919C /* PBXContainerItemProxy */;
		};
/* End PBXTargetDependency section */

/* Begin PBXVariantGroup section */
		4B7E5C812034CDFA00E6919C /* Main.storyboard */ = {
			isa = PBXVariantGroup;
			children = (
				4B7E5C822034CDFA00E6919C /* Base */,
			);
			name = Main.storyboard;
			sourceTree = "<group>";
		};
		4B7E5C862034CDFA00E6919C /* LaunchScreen.storyboard */ = {
			isa = PBXVariantGroup;
			children = (
				4B7E5C872034CDFA00E6919C /* Base */,
			);
			name = LaunchScreen.storyboard;
			sourceTree = "<group>";
		};
/* End PBXVariantGroup section */

/* Begin XCBuildConfiguration section */
		4B7E5CA02034CDFA00E6919C /* Debug */ = {
			isa = XCBuildConfiguration;
			buildSettings = {
				ALWAYS_SEARCH_USER_PATHS = NO;
				CLANG_ANALYZER_NONNULL = YES;
				CLANG_ANALYZER_NUMBER_OBJECT_CONVERSION = YES_AGGRESSIVE;
				CLANG_CXX_LANGUAGE_STANDARD = "gnu++0x";
				CLANG_CXX_LIBRARY = "libc++";
				CLANG_ENABLE_MODULES = YES;
				CLANG_ENABLE_OBJC_ARC = YES;
				CLANG_WARN_BOOL_CONVERSION = YES;
				CLANG_WARN_CONSTANT_CONVERSION = YES;
				CLANG_WARN_DIRECT_OBJC_ISA_USAGE = YES_ERROR;
				CLANG_WARN_DOCUMENTATION_COMMENTS = YES;
				CLANG_WARN_EMPTY_BODY = YES;
				CLANG_WARN_ENUM_CONVERSION = YES;
				CLANG_WARN_INFINITE_RECURSION = YES;
				CLANG_WARN_INT_CONVERSION = YES;
				CLANG_WARN_OBJC_ROOT_CLASS = YES_ERROR;
				CLANG_WARN_SUSPICIOUS_MOVE = YES;
				CLANG_WARN_UNREACHABLE_CODE = YES;
				CLANG_WARN__DUPLICATE_METHOD_MATCH = YES;
				"CODE_SIGN_IDENTITY[sdk=iphoneos*]" = "iPhone Developer";
				COPY_PHASE_STRIP = NO;
				DEBUG_INFORMATION_FORMAT = dwarf;
				ENABLE_STRICT_OBJC_MSGSEND = YES;
				ENABLE_TESTABILITY = YES;
				GCC_C_LANGUAGE_STANDARD = gnu99;
				GCC_DYNAMIC_NO_PIC = NO;
				GCC_NO_COMMON_BLOCKS = YES;
				GCC_OPTIMIZATION_LEVEL = 0;
				GCC_PREPROCESSOR_DEFINITIONS = (
					"DEBUG=1",
					"$(inherited)",
				);
				GCC_WARN_64_TO_32_BIT_CONVERSION = YES;
				GCC_WARN_ABOUT_RETURN_TYPE = YES_ERROR;
				GCC_WARN_UNDECLARED_SELECTOR = YES;
				GCC_WARN_UNINITIALIZED_AUTOS = YES_AGGRESSIVE;
				GCC_WARN_UNUSED_FUNCTION = YES;
				GCC_WARN_UNUSED_VARIABLE = YES;
				IPHONEOS_DEPLOYMENT_TARGET = 10.3;
				MTL_ENABLE_DEBUG_INFO = YES;
				ONLY_ACTIVE_ARCH = YES;
				SDKROOT = iphoneos;
				SWIFT_ACTIVE_COMPILATION_CONDITIONS = DEBUG;
				SWIFT_OPTIMIZATION_LEVEL = "-Onone";
				TARGETED_DEVICE_FAMILY = "1,2";
			};
			name = Debug;
		};
		4B7E5CA12034CDFA00E6919C /* Release */ = {
			isa = XCBuildConfiguration;
			buildSettings = {
				ALWAYS_SEARCH_USER_PATHS = NO;
				CLANG_ANALYZER_NONNULL = YES;
				CLANG_ANALYZER_NUMBER_OBJECT_CONVERSION = YES_AGGRESSIVE;
				CLANG_CXX_LANGUAGE_STANDARD = "gnu++0x";
				CLANG_CXX_LIBRARY = "libc++";
				CLANG_ENABLE_MODULES = YES;
				CLANG_ENABLE_OBJC_ARC = YES;
				CLANG_WARN_BOOL_CONVERSION = YES;
				CLANG_WARN_CONSTANT_CONVERSION = YES;
				CLANG_WARN_DIRECT_OBJC_ISA_USAGE = YES_ERROR;
				CLANG_WARN_DOCUMENTATION_COMMENTS = YES;
				CLANG_WARN_EMPTY_BODY = YES;
				CLANG_WARN_ENUM_CONVERSION = YES;
				CLANG_WARN_INFINITE_RECURSION = YES;
				CLANG_WARN_INT_CONVERSION = YES;
				CLANG_WARN_OBJC_ROOT_CLASS = YES_ERROR;
				CLANG_WARN_SUSPICIOUS_MOVE = YES;
				CLANG_WARN_UNREACHABLE_CODE = YES;
				CLANG_WARN__DUPLICATE_METHOD_MATCH = YES;
				"CODE_SIGN_IDENTITY[sdk=iphoneos*]" = "iPhone Developer";
				COPY_PHASE_STRIP = NO;
				DEBUG_INFORMATION_FORMAT = "dwarf-with-dsym";
				ENABLE_NS_ASSERTIONS = NO;
				ENABLE_STRICT_OBJC_MSGSEND = YES;
				GCC_C_LANGUAGE_STANDARD = gnu99;
				GCC_NO_COMMON_BLOCKS = YES;
				GCC_WARN_64_TO_32_BIT_CONVERSION = YES;
				GCC_WARN_ABOUT_RETURN_TYPE = YES_ERROR;
				GCC_WARN_UNDECLARED_SELECTOR = YES;
				GCC_WARN_UNINITIALIZED_AUTOS = YES_AGGRESSIVE;
				GCC_WARN_UNUSED_FUNCTION = YES;
				GCC_WARN_UNUSED_VARIABLE = YES;
				IPHONEOS_DEPLOYMENT_TARGET = 10.3;
				MTL_ENABLE_DEBUG_INFO = NO;
				SDKROOT = iphoneos;
				SWIFT_OPTIMIZATION_LEVEL = "-Owholemodule";
				TARGETED_DEVICE_FAMILY = "1,2";
				VALIDATE_PRODUCT = YES;
			};
			name = Release;
		};
		4B7E5CA32034CDFA00E6919C /* Debug */ = {
			isa = XCBuildConfiguration;
			buildSettings = {
				ASSETCATALOG_COMPILER_APPICON_NAME = AppIcon;
				INFOPLIST_FILE = ButtonFun/Info.plist;
				LD_RUNPATH_SEARCH_PATHS = "$(inherited) @executable_path/Frameworks";
				PRODUCT_BUNDLE_IDENTIFIER = com.company.jperez.ButtonFun;
				PRODUCT_NAME = "$(TARGET_NAME)";
				SWIFT_VERSION = 3.0;
			};
			name = Debug;
		};
		4B7E5CA42034CDFA00E6919C /* Release */ = {
			isa = XCBuildConfiguration;
			buildSettings = {
				ASSETCATALOG_COMPILER_APPICON_NAME = AppIcon;
				INFOPLIST_FILE = ButtonFun/Info.plist;
				LD_RUNPATH_SEARCH_PATHS = "$(inherited) @executable_path/Frameworks";
				PRODUCT_BUNDLE_IDENTIFIER = com.company.jperez.ButtonFun;
				PRODUCT_NAME = "$(TARGET_NAME)";
				SWIFT_VERSION = 3.0;
			};
			name = Release;
		};
		4B7E5CA62034CDFA00E6919C /* Debug */ = {
			isa = XCBuildConfiguration;
			buildSettings = {
				ALWAYS_EMBED_SWIFT_STANDARD_LIBRARIES = YES;
				BUNDLE_LOADER = "$(TEST_HOST)";
				INFOPLIST_FILE = ButtonFunTests/Info.plist;
				LD_RUNPATH_SEARCH_PATHS = "$(inherited) @executable_path/Frameworks @loader_path/Frameworks";
				PRODUCT_BUNDLE_IDENTIFIER = com.company.jperez.ButtonFunTests;
				PRODUCT_NAME = "$(TARGET_NAME)";
				SWIFT_VERSION = 3.0;
				TEST_HOST = "$(BUILT_PRODUCTS_DIR)/ButtonFun.app/ButtonFun";
			};
			name = Debug;
		};
		4B7E5CA72034CDFA00E6919C /* Release */ = {
			isa = XCBuildConfiguration;
			buildSettings = {
				ALWAYS_EMBED_SWIFT_STANDARD_LIBRARIES = YES;
				BUNDLE_LOADER = "$(TEST_HOST)";
				INFOPLIST_FILE = ButtonFunTests/Info.plist;
				LD_RUNPATH_SEARCH_PATHS = "$(inherited) @executable_path/Frameworks @loader_path/Frameworks";
				PRODUCT_BUNDLE_IDENTIFIER = com.company.jperez.ButtonFunTests;
				PRODUCT_NAME = "$(TARGET_NAME)";
				SWIFT_VERSION = 3.0;
				TEST_HOST = "$(BUILT_PRODUCTS_DIR)/ButtonFun.app/ButtonFun";
			};
			name = Release;
		};
		4B7E5CA92034CDFA00E6919C /* Debug */ = {
			isa = XCBuildConfiguration;
			buildSettings = {
				ALWAYS_EMBED_SWIFT_STANDARD_LIBRARIES = YES;
				INFOPLIST_FILE = ButtonFunUITests/Info.plist;
				LD_RUNPATH_SEARCH_PATHS = "$(inherited) @executable_path/Frameworks @loader_path/Frameworks";
				PRODUCT_BUNDLE_IDENTIFIER = com.company.jperez.ButtonFunUITests;
				PRODUCT_NAME = "$(TARGET_NAME)";
				SWIFT_VERSION = 3.0;
				TEST_TARGET_NAME = ButtonFun;
			};
			name = Debug;
		};
		4B7E5CAA2034CDFA00E6919C /* Release */ = {
			isa = XCBuildConfiguration;
			buildSettings = {
				ALWAYS_EMBED_SWIFT_STANDARD_LIBRARIES = YES;
				INFOPLIST_FILE = ButtonFunUITests/Info.plist;
				LD_RUNPATH_SEARCH_PATHS = "$(inherited) @executable_path/Frameworks @loader_path/Frameworks";
				PRODUCT_BUNDLE_IDENTIFIER = com.company.jperez.ButtonFunUITests;
				PRODUCT_NAME = "$(TARGET_NAME)";
				SWIFT_VERSION = 3.0;
				TEST_TARGET_NAME = ButtonFun;
			};
			name = Release;
		};
/* End XCBuildConfiguration section */

/* Begin XCConfigurationList section */
		4B7E5C752034CDFA00E6919C /* Build configuration list for PBXProject "ButtonFun" */ = {
			isa = XCConfigurationList;
			buildConfigurations = (
				4B7E5CA02034CDFA00E6919C /* Debug */,
				4B7E5CA12034CDFA00E6919C /* Release */,
			);
			defaultConfigurationIsVisible = 0;
			defaultConfigurationName = Release;
		};
		4B7E5CA22034CDFA00E6919C /* Build configuration list for PBXNativeTarget "ButtonFun" */ = {
			isa = XCConfigurationList;
			buildConfigurations = (
				4B7E5CA32034CDFA00E6919C /* Debug */,
				4B7E5CA42034CDFA00E6919C /* Release */,
			);
			defaultConfigurationIsVisible = 0;
		};
		4B7E5CA52034CDFA00E6919C /* Build configuration list for PBXNativeTarget "ButtonFunTests" */ = {
			isa = XCConfigurationList;
			buildConfigurations = (
				4B7E5CA62034CDFA00E6919C /* Debug */,
				4B7E5CA72034CDFA00E6919C /* Release */,
			);
			defaultConfigurationIsVisible = 0;
		};
		4B7E5CA82034CDFA00E6919C /* Build configuration list for PBXNativeTarget "ButtonFunUITests" */ = {
			isa = XCConfigurationList;
			buildConfigurations = (
				4B7E5CA92034CDFA00E6919C /* Debug */,
				4B7E5CAA2034CDFA00E6919C /* Release */,
			);
			defaultConfigurationIsVisible = 0;
		};
/* End XCConfigurationList section */
	};
	rootObject = 4B7E5C722034CDFA00E6919C /* Project object */;
}
